// !$*UTF8*$!
{
	archiveVersion = 1;
	classes = {
	};
	objectVersion = 46;
	objects = {

/* Begin PBXBuildFile section */
		1047B4AF19CFD2D100524CB6 /* AppDelegate.swift in Sources */ = {isa = PBXBuildFile; fileRef = 1047B4AE19CFD2D100524CB6 /* AppDelegate.swift */; };
		1047B4B119CFD2D100524CB6 /* ViewController.swift in Sources */ = {isa = PBXBuildFile; fileRef = 1047B4B019CFD2D100524CB6 /* ViewController.swift */; };
		1047B4B419CFD2D100524CB6 /* Main.storyboard in Resources */ = {isa = PBXBuildFile; fileRef = 1047B4B219CFD2D100524CB6 /* Main.storyboard */; };
		1047B4B619CFD2D100524CB6 /* Images.xcassets in Resources */ = {isa = PBXBuildFile; fileRef = 1047B4B519CFD2D100524CB6 /* Images.xcassets */; };
		1047B4B919CFD2D100524CB6 /* LaunchScreen.xib in Resources */ = {isa = PBXBuildFile; fileRef = 1047B4B719CFD2D100524CB6 /* LaunchScreen.xib */; };
		1047B4C519CFD2D100524CB6 /* PostcardTests.swift in Sources */ = {isa = PBXBuildFile; fileRef = 1047B4C419CFD2D100524CB6 /* PostcardTests.swift */; };
/* End PBXBuildFile section */

/* Begin PBXContainerItemProxy section */
		1047B4BF19CFD2D100524CB6 /* PBXContainerItemProxy */ = {
			isa = PBXContainerItemProxy;
			containerPortal = 1047B4A119CFD2D100524CB6 /* Project object */;
			proxyType = 1;
			remoteGlobalIDString = 1047B4A819CFD2D100524CB6;
			remoteInfo = Postcard;
		};
/* End PBXContainerItemProxy section */

/* Begin PBXFileReference section */
		1047B4A919CFD2D100524CB6 /* Postcard.app */ = {isa = PBXFileReference; explicitFileType = wrapper.application; includeInIndex = 0; path = Postcard.app; sourceTree = BUILT_PRODUCTS_DIR; };
		1047B4AD19CFD2D100524CB6 /* Info.plist */ = {isa = PBXFileReference; lastKnownFileType = text.plist.xml; path = Info.plist; sourceTree = "<group>"; };
		1047B4AE19CFD2D100524CB6 /* AppDelegate.swift */ = {isa = PBXFileReference; lastKnownFileType = sourcecode.swift; path = AppDelegate.swift; sourceTree = "<group>"; };
		1047B4B019CFD2D100524CB6 /* ViewController.swift */ = {isa = PBXFileReference; lastKnownFileType = sourcecode.swift; path = ViewController.swift; sourceTree = "<group>"; };
		1047B4B319CFD2D100524CB6 /* Base */ = {isa = PBXFileReference; lastKnownFileType = file.storyboard; name = Base; path = Base.lproj/Main.storyboard; sourceTree = "<group>"; };
		1047B4B519CFD2D100524CB6 /* Images.xcassets */ = {isa = PBXFileReference; lastKnownFileType = folder.assetcatalog; path = Images.xcassets; sourceTree = "<group>"; };
		1047B4B819CFD2D100524CB6 /* Base */ = {isa = PBXFileReference; lastKnownFileType = file.xib; name = Base; path = Base.lproj/LaunchScreen.xib; sourceTree = "<group>"; };
		1047B4BE19CFD2D100524CB6 /* PostcardTests.xctest */ = {isa = PBXFileReference; explicitFileType = wrapper.cfbundle; includeInIndex = 0; path = PostcardTests.xctest; sourceTree = BUILT_PRODUCTS_DIR; };
		1047B4C319CFD2D100524CB6 /* Info.plist */ = {isa = PBXFileReference; lastKnownFileType = text.plist.xml; path = Info.plist; sourceTree = "<group>"; };
		1047B4C419CFD2D100524CB6 /* PostcardTests.swift */ = {isa = PBXFileReference; lastKnownFileType = sourcecode.swift; path = PostcardTests.swift; sourceTree = "<group>"; };
/* End PBXFileReference section */

/* Begin PBXFrameworksBuildPhase section */
		1047B4A619CFD2D100524CB6 /* Frameworks */ = {
			isa = PBXFrameworksBuildPhase;
			buildActionMask = 2147483647;
			files = (
			);
			runOnlyForDeploymentPostprocessing = 0;
		};
		1047B4BB19CFD2D100524CB6 /* Frameworks */ = {
			isa = PBXFrameworksBuildPhase;
			buildActionMask = 2147483647;
			files = (
			);
			runOnlyForDeploymentPostprocessing = 0;
		};
/* End PBXFrameworksBuildPhase section */

/* Begin PBXGroup section */
		1047B4A019CFD2D100524CB6 = {
			isa = PBXGroup;
			children = (
				1047B4AB19CFD2D100524CB6 /* Postcard */,
				1047B4C119CFD2D100524CB6 /* PostcardTests */,
				1047B4AA19CFD2D100524CB6 /* Products */,
			);
			sourceTree = "<group>";
		};
		1047B4AA19CFD2D100524CB6 /* Products */ = {
			isa = PBXGroup;
			children = (
				1047B4A919CFD2D100524CB6 /* Postcard.app */,
				1047B4BE19CFD2D100524CB6 /* PostcardTests.xctest */,
			);
			name = Products;
			sourceTree = "<group>";
		};
		1047B4AB19CFD2D100524CB6 /* Postcard */ = {
			isa = PBXGroup;
			children = (
				1047B4AE19CFD2D100524CB6 /* AppDelegate.swift */,
				1047B4B019CFD2D100524CB6 /* ViewController.swift */,
				1047B4B219CFD2D100524CB6 /* Main.storyboard */,
				1047B4B519CFD2D100524CB6 /* Images.xcassets */,
				1047B4B719CFD2D100524CB6 /* LaunchScreen.xib */,
				1047B4AC19CFD2D100524CB6 /* Supporting Files */,
			);
			path = Postcard;
			sourceTree = "<group>";
		};
		1047B4AC19CFD2D100524CB6 /* Supporting Files */ = {
			isa = PBXGroup;
			children = (
				1047B4AD19CFD2D100524CB6 /* Info.plist */,
			);
			name = "Supporting Files";
			sourceTree = "<group>";
		};
		1047B4C119CFD2D100524CB6 /* PostcardTests */ = {
			isa = PBXGroup;
			children = (
				1047B4C419CFD2D100524CB6 /* PostcardTests.swift */,
				1047B4C219CFD2D100524CB6 /* Supporting Files */,
			);
			path = PostcardTests;
			sourceTree = "<group>";
		};
		1047B4C219CFD2D100524CB6 /* Supporting Files */ = {
			isa = PBXGroup;
			children = (
				1047B4C319CFD2D100524CB6 /* Info.plist */,
			);
			name = "Supporting Files";
			sourceTree = "<group>";
		};
/* End PBXGroup section */

/* Begin PBXNativeTarget section */
		1047B4A819CFD2D100524CB6 /* Postcard */ = {
			isa = PBXNativeTarget;
			buildConfigurationList = 1047B4C819CFD2D100524CB6 /* Build configuration list for PBXNativeTarget "Postcard" */;
			buildPhases = (
				1047B4A519CFD2D100524CB6 /* Sources */,
				1047B4A619CFD2D100524CB6 /* Frameworks */,
				1047B4A719CFD2D100524CB6 /* Resources */,
			);
			buildRules = (
			);
			dependencies = (
			);
			name = Postcard;
			productName = Postcard;
			productReference = 1047B4A919CFD2D100524CB6 /* Postcard.app */;
			productType = "com.apple.product-type.application";
		};
		1047B4BD19CFD2D100524CB6 /* PostcardTests */ = {
			isa = PBXNativeTarget;
			buildConfigurationList = 1047B4CB19CFD2D100524CB6 /* Build configuration list for PBXNativeTarget "PostcardTests" */;
			buildPhases = (
				1047B4BA19CFD2D100524CB6 /* Sources */,
				1047B4BB19CFD2D100524CB6 /* Frameworks */,
				1047B4BC19CFD2D100524CB6 /* Resources */,
			);
			buildRules = (
			);
			dependencies = (
				1047B4C019CFD2D100524CB6 /* PBXTargetDependency */,
			);
			name = PostcardTests;
			productName = PostcardTests;
			productReference = 1047B4BE19CFD2D100524CB6 /* PostcardTests.xctest */;
			productType = "com.apple.product-type.bundle.unit-test";
		};
/* End PBXNativeTarget section */

/* Begin PBXProject section */
		1047B4A119CFD2D100524CB6 /* Project object */ = {
			isa = PBXProject;
			attributes = {
				LastUpgradeCheck = 0600;
				ORGANIZATIONNAME = "High Strung Productions LLC";
				TargetAttributes = {
					1047B4A819CFD2D100524CB6 = {
						CreatedOnToolsVersion = 6.0.1;
					};
					1047B4BD19CFD2D100524CB6 = {
						CreatedOnToolsVersion = 6.0.1;
						TestTargetID = 1047B4A819CFD2D100524CB6;
					};
				};
			};
			buildConfigurationList = 1047B4A419CFD2D100524CB6 /* Build configuration list for PBXProject "Postcard" */;
			compatibilityVersion = "Xcode 3.2";
			developmentRegion = English;
			hasScannedForEncodings = 0;
			knownRegions = (
				en,
				Base,
			);
			mainGroup = 1047B4A019CFD2D100524CB6;
			productRefGroup = 1047B4AA19CFD2D100524CB6 /* Products */;
			projectDirPath = "";
			projectRoot = "";
			targets = (
				1047B4A819CFD2D100524CB6 /* Postcard */,
				1047B4BD19CFD2D100524CB6 /* PostcardTests */,
			);
		};
/* End PBXProject section */

/* Begin PBXResourcesBuildPhase section */
		1047B4A719CFD2D100524CB6 /* Resources */ = {
			isa = PBXResourcesBuildPhase;
			buildActionMask = 2147483647;
			files = (
				1047B4B419CFD2D100524CB6 /* Main.storyboard in Resources */,
				1047B4B919CFD2D100524CB6 /* LaunchScreen.xib in Resources */,
				1047B4B619CFD2D100524CB6 /* Images.xcassets in Resources */,
			);
			runOnlyForDeploymentPostprocessing = 0;
		};
		1047B4BC19CFD2D100524CB6 /* Resources */ = {
			isa = PBXResourcesBuildPhase;
			buildActionMask = 2147483647;
			files = (
			);
			runOnlyForDeploymentPostprocessing = 0;
		};
/* End PBXResourcesBuildPhase section */

/* Begin PBXSourcesBuildPhase section */
		1047B4A519CFD2D100524CB6 /* Sources */ = {
			isa = PBXSourcesBuildPhase;
			buildActionMask = 2147483647;
			files = (
				1047B4B119CFD2D100524CB6 /* ViewController.swift in Sources */,
				1047B4AF19CFD2D100524CB6 /* AppDelegate.swift in Sources */,
			);
			runOnlyForDeploymentPostprocessing = 0;
		};
		1047B4BA19CFD2D100524CB6 /* Sources */ = {
			isa = PBXSourcesBuildPhase;
			buildActionMask = 2147483647;
			files = (
				1047B4C519CFD2D100524CB6 /* PostcardTests.swift in Sources */,
			);
			runOnlyForDeploymentPostprocessing = 0;
		};
/* End PBXSourcesBuildPhase section */

/* Begin PBXTargetDependency section */
		1047B4C019CFD2D100524CB6 /* PBXTargetDependency */ = {
			isa = PBXTargetDependency;
			target = 1047B4A819CFD2D100524CB6 /* Postcard */;
			targetProxy = 1047B4BF19CFD2D100524CB6 /* PBXContainerItemProxy */;
		};
/* End PBXTargetDependency section */

/* Begin PBXVariantGroup section */
		1047B4B219CFD2D100524CB6 /* Main.storyboard */ = {
			isa = PBXVariantGroup;
			children = (
				1047B4B319CFD2D100524CB6 /* Base */,
			);
			name = Main.storyboard;
			sourceTree = "<group>";
		};
		1047B4B719CFD2D100524CB6 /* LaunchScreen.xib */ = {
			isa = PBXVariantGroup;
			children = (
				1047B4B819CFD2D100524CB6 /* Base */,
			);
			name = LaunchScreen.xib;
			sourceTree = "<group>";
		};
/* End PBXVariantGroup section */

/* Begin XCBuildConfiguration section */
		1047B4C619CFD2D100524CB6 /* Debug */ = {
			isa = XCBuildConfiguration;
			buildSettings = {
				ALWAYS_SEARCH_USER_PATHS = NO;
				CLANG_CXX_LANGUAGE_STANDARD = "gnu++0x";
				CLANG_CXX_LIBRARY = "libc++";
				CLANG_ENABLE_MODULES = YES;
				CLANG_ENABLE_OBJC_ARC = YES;
				CLANG_WARN_BOOL_CONVERSION = YES;
				CLANG_WARN_CONSTANT_CONVERSION = YES;
				CLANG_WARN_DIRECT_OBJC_ISA_USAGE = YES_ERROR;
				CLANG_WARN_EMPTY_BODY = YES;
				CLANG_WARN_ENUM_CONVERSION = YES;
				CLANG_WARN_INT_CONVERSION = YES;
				CLANG_WARN_OBJC_ROOT_CLASS = YES_ERROR;
				CLANG_WARN_UNREACHABLE_CODE = YES;
				CLANG_WARN__DUPLICATE_METHOD_MATCH = YES;
				"CODE_SIGN_IDENTITY[sdk=iphoneos*]" = "iPhone Developer";
				COPY_PHASE_STRIP = NO;
				ENABLE_STRICT_OBJC_MSGSEND = YES;
				GCC_C_LANGUAGE_STANDARD = gnu99;
				GCC_DYNAMIC_NO_PIC = NO;
				GCC_OPTIMIZATION_LEVEL = 0;
				GCC_PREPROCESSOR_DEFINITIONS = (
					"DEBUG=1",
					"$(inherited)",
				);
				GCC_SYMBOLS_PRIVATE_EXTERN = NO;
				GCC_WARN_64_TO_32_BIT_CONVERSION = YES;
				GCC_WARN_ABOUT_RETURN_TYPE = YES_ERROR;
				GCC_WARN_UNDECLARED_SELECTOR = YES;
				GCC_WARN_UNINITIALIZED_AUTOS = YES_AGGRESSIVE;
				GCC_WARN_UNUSED_FUNCTION = YES;
				GCC_WARN_UNUSED_VARIABLE = YES;
				IPHONEOS_DEPLOYMENT_TARGET = 8.0;
				MTL_ENABLE_DEBUG_INFO = YES;
				ONLY_ACTIVE_ARCH = YES;
				SDKROOT = iphoneos;
				SWIFT_OPTIMIZATION_LEVEL = "-Onone";
			};
			name = Debug;
		};
		1047B4C719CFD2D100524CB6 /* Release */ = {
			isa = XCBuildConfiguration;
			buildSettings = {
				ALWAYS_SEARCH_USER_PATHS = NO;
				CLANG_CXX_LANGUAGE_STANDARD = "gnu++0x";
				CLANG_CXX_LIBRARY = "libc++";
				CLANG_ENABLE_MODULES = YES;
				CLANG_ENABLE_OBJC_ARC = YES;
				CLANG_WARN_BOOL_CONVERSION = YES;
				CLANG_WARN_CONSTANT_CONVERSION = YES;
				CLANG_WARN_DIRECT_OBJC_ISA_USAGE = YES_ERROR;
				CLANG_WARN_EMPTY_BODY = YES;
				CLANG_WARN_ENUM_CONVERSION = YES;
				CLANG_WARN_INT_CONVERSION = YES;
				CLANG_WARN_OBJC_ROOT_CLASS = YES_ERROR;
				CLANG_WARN_UNREACHABLE_CODE = YES;
				CLANG_WARN__DUPLICATE_METHOD_MATCH = YES;
				"CODE_SIGN_IDENTITY[sdk=iphoneos*]" = "iPhone Developer";
				COPY_PHASE_STRIP = YES;
				ENABLE_NS_ASSERTIONS = NO;
				ENABLE_STRICT_OBJC_MSGSEND = YES;
				GCC_C_LANGUAGE_STANDARD = gnu99;
				GCC_WARN_64_TO_32_BIT_CONVERSION = YES;
				GCC_WARN_ABOUT_RETURN_TYPE = YES_ERROR;
				GCC_WARN_UNDECLARED_SELECTOR = YES;
				GCC_WARN_UNINITIALIZED_AUTOS = YES_AGGRESSIVE;
				GCC_WARN_UNUSED_FUNCTION = YES;
				GCC_WARN_UNUSED_VARIABLE = YES;
				IPHONEOS_DEPLOYMENT_TARGET = 8.0;
				MTL_ENABLE_DEBUG_INFO = NO;
				SDKROOT = iphoneos;
				VALIDATE_PRODUCT = YES;
			};
			name = Release;
		};
		1047B4C919CFD2D100524CB6 /* Debug */ = {
			isa = XCBuildConfiguration;
			buildSettings = {
				ASSETCATALOG_COMPILER_APPICON_NAME = AppIcon;
				INFOPLIST_FILE = Postcard/Info.plist;
				LD_RUNPATH_SEARCH_PATHS = "$(inherited) @executable_path/Frameworks";
				PRODUCT_NAME = "$(TARGET_NAME)";
			};
			name = Debug;
		};
		1047B4CA19CFD2D100524CB6 /* Release */ = {
			isa = XCBuildConfiguration;
			buildSettings = {
				ASSETCATALOG_COMPILER_APPICON_NAME = AppIcon;
				INFOPLIST_FILE = Postcard/Info.plist;
				LD_RUNPATH_SEARCH_PATHS = "$(inherited) @executable_path/Frameworks";
				PRODUCT_NAME = "$(TARGET_NAME)";
			};
			name = Release;
		};
		1047B4CC19CFD2D100524CB6 /* Debug */ = {
			isa = XCBuildConfiguration;
			buildSettings = {
				BUNDLE_LOADER = "$(TEST_HOST)";
				FRAMEWORK_SEARCH_PATHS = (
					"$(SDKROOT)/Developer/Library/Frameworks",
					"$(inherited)",
				);
				GCC_PREPROCESSOR_DEFINITIONS = (
					"DEBUG=1",
					"$(inherited)",
				);
				INFOPLIST_FILE = PostcardTests/Info.plist;
				LD_RUNPATH_SEARCH_PATHS = "$(inherited) @executable_path/Frameworks @loader_path/Frameworks";
				PRODUCT_NAME = "$(TARGET_NAME)";
				TEST_HOST = "$(BUILT_PRODUCTS_DIR)/Postcard.app/Postcard";
			};
			name = Debug;
		};
		1047B4CD19CFD2D100524CB6 /* Release */ = {
			isa = XCBuildConfiguration;
			buildSettings = {
				BUNDLE_LOADER = "$(TEST_HOST)";
				FRAMEWORK_SEARCH_PATHS = (
					"$(SDKROOT)/Developer/Library/Frameworks",
					"$(inherited)",
				);
				INFOPLIST_FILE = PostcardTests/Info.plist;
				LD_RUNPATH_SEARCH_PATHS = "$(inherited) @executable_path/Frameworks @loader_path/Frameworks";
				PRODUCT_NAME = "$(TARGET_NAME)";
				TEST_HOST = "$(BUILT_PRODUCTS_DIR)/Postcard.app/Postcard";
			};
			name = Release;
		};
/* End XCBuildConfiguration section */

/* Begin XCConfigurationList section */
		1047B4A419CFD2D100524CB6 /* Build configuration list for PBXProject "Postcard" */ = {
			isa = XCConfigurationList;
			buildConfigurations = (
				1047B4C619CFD2D100524CB6 /* Debug */,
				1047B4C719CFD2D100524CB6 /* Release */,
			);
			defaultConfigurationIsVisible = 0;
			defaultConfigurationName = Release;
		};
		1047B4C819CFD2D100524CB6 /* Build configuration list for PBXNativeTarget "Postcard" */ = {
			isa = XCConfigurationList;
			buildConfigurations = (
				1047B4C919CFD2D100524CB6 /* Debug */,
				1047B4CA19CFD2D100524CB6 /* Release */,
			);
			defaultConfigurationIsVisible = 0;
		};
		1047B4CB19CFD2D100524CB6 /* Build configuration list for PBXNativeTarget "PostcardTests" */ = {
			isa = XCConfigurationList;
			buildConfigurations = (
				1047B4CC19CFD2D100524CB6 /* Debug */,
				1047B4CD19CFD2D100524CB6 /* Release */,
			);
			defaultConfigurationIsVisible = 0;
		};
/* End XCConfigurationList section */
	};
	rootObject = 1047B4A119CFD2D100524CB6 /* Project object */;
}
